
Microsoft Visual Studio Solution File, Format Version 12.00
# Visual Studio 15
VisualStudioVersion = 15.0.26730.16
MinimumVisualStudioVersion = 10.0.40219.1
Project("{FAE04EC0-301F-11D3-BF4B-00C04F79EFBC}") = "lineInput", "lineInput\lineInput.csproj", "{C905FBD9-47A9-469A-8D68-403835854AD7}"
EndProject
Global
	GlobalSection(SolutionConfigurationPlatforms) = preSolution
		Debug|Any CPU = Debug|Any CPU
		Release|Any CPU = Release|Any CPU
	EndGlobalSection
	GlobalSection(ProjectConfigurationPlatforms) = postSolution
		{C905FBD9-47A9-469A-8D68-403835854AD7}.Debug|Any CPU.ActiveCfg = Debug|Any CPU
		{C905FBD9-47A9-469A-8D68-403835854AD7}.Debug|Any CPU.Build.0 = Debug|Any CPU
		{C905FBD9-47A9-469A-8D68-403835854AD7}.Release|Any CPU.ActiveCfg = Release|Any CPU
		{C905FBD9-47A9-469A-8D68-403835854AD7}.Release|Any CPU.Build.0 = Release|Any CPU
	EndGlobalSection
	GlobalSection(SolutionProperties) = preSolution
		HideSolutionNode = FALSE
	EndGlobalSection
	GlobalSection(ExtensibilityGlobals) = postSolution
		SolutionGuid = {7F02F35E-D89C-45FA-88FB-DD82836CBB5E}
	EndGlobalSection
EndGlobal
